{
    "name": "ticket-parser",
    "version": "1.0.0",
    "lockfileVersion": 3,
    "requires": true,
    "packages": {
        "": {
            "name": "ticket-parser",
            "version": "1.0.0",
            "license": "MIT",
            "dependencies": {
                "zebra-crossing": "^0.1.2"
            }
        },
        "node_modules/tmp": {
            "version": "0.2.3",
            "resolved": "https://registry.npmjs.org/tmp/-/tmp-0.2.3.tgz",
            "integrity": "sha512-nZD7m9iCPC5g0pYmcaxogYKggSfLsdxl8of3Q/oIbqCqLLIO9IAF0GWjX1z9NZRHPiXv8Wex4yDCaZsgEw0Y8w==",
            "engines": {
                "node": ">=14.14"
            }
        },
        "node_modules/zebra-crossing": {
            "version": "0.1.2",
            "resolved": "https://registry.npmjs.org/zebra-crossing/-/zebra-crossing-0.1.2.tgz",
            "integrity": "sha512-DkoKPQEkPQWVL0X5pxFiNQ2c77lY0QaQKtJurYUd7dQZqF4kHoNO0k6iAYIzoJdOMWfRx4gP644DY7xTw0EBfQ==",
            "dependencies": {
                "tmp": "*"
            }
        }
    }
}
